
Microsoft Visual Studio Solution File, Format Version 12.00
# Visual Studio Version 16
VisualStudioVersion = 16.0.30611.23
MinimumVisualStudioVersion = 10.0.40219.1
Project("{9A19103F-16F7-4668-BE54-9A1E7A4F7556}") = "TestEngine", "TestEngine\TestEngine.CSPROJ", "{4F4EA323-20F9-4A8B-A1B7-2D968D361433}"
EndProject
Project("{9A19103F-16F7-4668-BE54-9A1E7A4F7556}") = "TestDefinitions", "TestDefinitions\TestDefinitions.CSPROJ", "{7321F55E-3023-42B0-B054-364459138ADD}"
EndProject
Project("{9A19103F-16F7-4668-BE54-9A1E7A4F7556}") = "FrameworkCore", "FrameworkCore\FrameworkCore.CSPROJ", "{BA4E43CA-DDD5-46DF-9DED-DE4BC9CF1B93}"
EndProject
Project("{9A19103F-16F7-4668-BE54-9A1E7A4F7556}") = "ApplicationMap", "ApplicationMap\ApplicationMap.CSPROJ", "{5F91778E-2342-49CA-BBD2-AF0E55C26478}"
EndProject
Global
	GlobalSection(SolutionConfigurationPlatforms) = preSolution
		Debug|Any CPU = Debug|Any CPU
		Release|Any CPU = Release|Any CPU
	EndGlobalSection
	GlobalSection(ProjectConfigurationPlatforms) = postSolution
		{4F4EA323-20F9-4A8B-A1B7-2D968D361433}.Debug|Any CPU.ActiveCfg = Debug|Any CPU
		{4F4EA323-20F9-4A8B-A1B7-2D968D361433}.Debug|Any CPU.Build.0 = Debug|Any CPU
		{4F4EA323-20F9-4A8B-A1B7-2D968D361433}.Release|Any CPU.ActiveCfg = Release|Any CPU
		{4F4EA323-20F9-4A8B-A1B7-2D968D361433}.Release|Any CPU.Build.0 = Release|Any CPU
		{5F91778E-2342-49CA-BBD2-AF0E55C26478}.Debug|Any CPU.ActiveCfg = Debug|Any CPU
		{5F91778E-2342-49CA-BBD2-AF0E55C26478}.Debug|Any CPU.Build.0 = Debug|Any CPU
		{5F91778E-2342-49CA-BBD2-AF0E55C26478}.Release|Any CPU.ActiveCfg = Release|Any CPU
		{5F91778E-2342-49CA-BBD2-AF0E55C26478}.Release|Any CPU.Build.0 = Release|Any CPU
		{BA4E43CA-DDD5-46DF-9DED-DE4BC9CF1B93}.Debug|Any CPU.ActiveCfg = Debug|Any CPU
		{BA4E43CA-DDD5-46DF-9DED-DE4BC9CF1B93}.Debug|Any CPU.Build.0 = Debug|Any CPU
		{BA4E43CA-DDD5-46DF-9DED-DE4BC9CF1B93}.Release|Any CPU.ActiveCfg = Release|Any CPU
		{BA4E43CA-DDD5-46DF-9DED-DE4BC9CF1B93}.Release|Any CPU.Build.0 = Release|Any CPU
		{7321F55E-3023-42B0-B054-364459138ADD}.Debug|Any CPU.ActiveCfg = Debug|Any CPU
		{7321F55E-3023-42B0-B054-364459138ADD}.Debug|Any CPU.Build.0 = Debug|Any CPU
		{7321F55E-3023-42B0-B054-364459138ADD}.Release|Any CPU.ActiveCfg = Release|Any CPU
		{7321F55E-3023-42B0-B054-364459138ADD}.Release|Any CPU.Build.0 = Release|Any CPU
	EndGlobalSection
	GlobalSection(SolutionProperties) = preSolution
		HideSolutionNode = FALSE
	EndGlobalSection
	GlobalSection(ExtensibilityGlobals) = postSolution
		SolutionGuid = {B3F6BFBB-8C29-4077-92A5-B9984041214B}
	EndGlobalSection
EndGlobal
